
Microsoft Visual Studio Solution File, Format Version 12.00
# Visual Studio Version 17
VisualStudioVersion = 17.9.34607.119
MinimumVisualStudioVersion = 10.0.40219.1
Project("{FAE04EC0-301F-11D3-BF4B-00C04F79EFBC}") = "BoxGenerator", "BoxGenerator\BoxGenerator.csproj", "{B53D03D4-E6A4-423E-9657-4DA7CDFA2FE7}"
EndProject
Project("{FAE04EC0-301F-11D3-BF4B-00C04F79EFBC}") = "Mp4BoxGenerator", "Mp4BoxGenerator\Mp4BoxGenerator.csproj", "{EDE2FB71-6D04-460B-9CDA-9624E735CB42}"
EndProject
Global
	GlobalSection(SolutionConfigurationPlatforms) = preSolution
		Debug|Any CPU = Debug|Any CPU
		Release|Any CPU = Release|Any CPU
	EndGlobalSection
	GlobalSection(ProjectConfigurationPlatforms) = postSolution
		{B53D03D4-E6A4-423E-9657-4DA7CDFA2FE7}.Debug|Any CPU.ActiveCfg = Debug|Any CPU
		{B53D03D4-E6A4-423E-9657-4DA7CDFA2FE7}.Debug|Any CPU.Build.0 = Debug|Any CPU
		{B53D03D4-E6A4-423E-9657-4DA7CDFA2FE7}.Release|Any CPU.ActiveCfg = Release|Any CPU
		{B53D03D4-E6A4-423E-9657-4DA7CDFA2FE7}.Release|Any CPU.Build.0 = Release|Any CPU
		{EDE2FB71-6D04-460B-9CDA-9624E735CB42}.Debug|Any CPU.ActiveCfg = Debug|Any CPU
		{EDE2FB71-6D04-460B-9CDA-9624E735CB42}.Debug|Any CPU.Build.0 = Debug|Any CPU
		{EDE2FB71-6D04-460B-9CDA-9624E735CB42}.Release|Any CPU.ActiveCfg = Release|Any CPU
		{EDE2FB71-6D04-460B-9CDA-9624E735CB42}.Release|Any CPU.Build.0 = Release|Any CPU
	EndGlobalSection
	GlobalSection(SolutionProperties) = preSolution
		HideSolutionNode = FALSE
	EndGlobalSection
	GlobalSection(ExtensibilityGlobals) = postSolution
		SolutionGuid = {1CB1F179-0305-4D17-B734-AFADABC7B9BC}
	EndGlobalSection
EndGlobal
