
Microsoft Visual Studio Solution File, Format Version 12.00
# Visual Studio Version 17
VisualStudioVersion = 17.9.34607.119
MinimumVisualStudioVersion = 10.0.40219.1
Project("{9A19103F-16F7-4668-BE54-9A1E7A4F7556}") = "BoxGenerator", "BoxGenerator\BoxGenerator.csproj", "{B53D03D4-E6A4-423E-9657-4DA7CDFA2FE7}"
EndProject
Project("{FAE04EC0-301F-11D3-BF4B-00C04F79EFBC}") = "SharpMP4", "SharpMP4\SharpMP4.csproj", "{3AA8E1A0-4673-A0D3-B737-D8A861A14477}"
EndProject
Project("{FAE04EC0-301F-11D3-BF4B-00C04F79EFBC}") = "ItuGenerator", "ItuGenerator\ItuGenerator.csproj", "{EBF64E59-EEFA-4392-A900-2713C47BEEA4}"
EndProject
Project("{FAE04EC0-301F-11D3-BF4B-00C04F79EFBC}") = "SharpH264", "SharpH264\SharpH264.csproj", "{079D2E5A-D78B-479B-8D6C-D6B29AD002F0}"
EndProject
Project("{FAE04EC0-301F-11D3-BF4B-00C04F79EFBC}") = "SampleH264Parser", "SampleH264Parser\SampleH264Parser.csproj", "{4C665D5B-81B4-4698-B284-E5C505AA743D}"
EndProject
Project("{2150E333-8FDC-42A3-9474-1A3956D46DE8}") = "Generators", "Generators", "{02EA681E-C7D8-13C7-8484-4AC65E1B71E8}"
EndProject
Project("{2150E333-8FDC-42A3-9474-1A3956D46DE8}") = "Samples", "Samples", "{8623CC82-EE02-4964-8C14-07C3F2BECBB9}"
EndProject
Project("{FAE04EC0-301F-11D3-BF4B-00C04F79EFBC}") = "SampleMP4Parser", "SampleMP4Parser\SampleMP4Parser.csproj", "{EA421525-154E-F90F-FA9A-09A23E2EC134}"
EndProject
Project("{FAE04EC0-301F-11D3-BF4B-00C04F79EFBC}") = "BuildGenerator", "BuildGenerator\BuildGenerator.csproj", "{546139D8-A30F-67D8-D8D8-14C55CB76CB8}"
EndProject
Project("{FAE04EC0-301F-11D3-BF4B-00C04F79EFBC}") = "SharpH265", "SharpH265\SharpH265.csproj", "{8353D931-5AE8-4AE6-9C66-5C8486AE712A}"
EndProject
Project("{FAE04EC0-301F-11D3-BF4B-00C04F79EFBC}") = "SharpH26X", "SharpH26X\SharpH26X.csproj", "{AECE4B6D-FEE8-4805-B24E-141D803548A0}"
EndProject
Global
	GlobalSection(SolutionConfigurationPlatforms) = preSolution
		Debug|Any CPU = Debug|Any CPU
		Release|Any CPU = Release|Any CPU
	EndGlobalSection
	GlobalSection(ProjectConfigurationPlatforms) = postSolution
		{B53D03D4-E6A4-423E-9657-4DA7CDFA2FE7}.Debug|Any CPU.ActiveCfg = Debug|Any CPU
		{B53D03D4-E6A4-423E-9657-4DA7CDFA2FE7}.Debug|Any CPU.Build.0 = Debug|Any CPU
		{B53D03D4-E6A4-423E-9657-4DA7CDFA2FE7}.Release|Any CPU.ActiveCfg = Release|Any CPU
		{B53D03D4-E6A4-423E-9657-4DA7CDFA2FE7}.Release|Any CPU.Build.0 = Release|Any CPU
		{3AA8E1A0-4673-A0D3-B737-D8A861A14477}.Debug|Any CPU.ActiveCfg = Debug|Any CPU
		{3AA8E1A0-4673-A0D3-B737-D8A861A14477}.Debug|Any CPU.Build.0 = Debug|Any CPU
		{3AA8E1A0-4673-A0D3-B737-D8A861A14477}.Release|Any CPU.ActiveCfg = Release|Any CPU
		{3AA8E1A0-4673-A0D3-B737-D8A861A14477}.Release|Any CPU.Build.0 = Release|Any CPU
		{EBF64E59-EEFA-4392-A900-2713C47BEEA4}.Debug|Any CPU.ActiveCfg = Debug|Any CPU
		{EBF64E59-EEFA-4392-A900-2713C47BEEA4}.Debug|Any CPU.Build.0 = Debug|Any CPU
		{EBF64E59-EEFA-4392-A900-2713C47BEEA4}.Release|Any CPU.ActiveCfg = Release|Any CPU
		{EBF64E59-EEFA-4392-A900-2713C47BEEA4}.Release|Any CPU.Build.0 = Release|Any CPU
		{079D2E5A-D78B-479B-8D6C-D6B29AD002F0}.Debug|Any CPU.ActiveCfg = Debug|Any CPU
		{079D2E5A-D78B-479B-8D6C-D6B29AD002F0}.Debug|Any CPU.Build.0 = Debug|Any CPU
		{079D2E5A-D78B-479B-8D6C-D6B29AD002F0}.Release|Any CPU.ActiveCfg = Release|Any CPU
		{079D2E5A-D78B-479B-8D6C-D6B29AD002F0}.Release|Any CPU.Build.0 = Release|Any CPU
		{4C665D5B-81B4-4698-B284-E5C505AA743D}.Debug|Any CPU.ActiveCfg = Debug|Any CPU
		{4C665D5B-81B4-4698-B284-E5C505AA743D}.Debug|Any CPU.Build.0 = Debug|Any CPU
		{4C665D5B-81B4-4698-B284-E5C505AA743D}.Release|Any CPU.ActiveCfg = Release|Any CPU
		{4C665D5B-81B4-4698-B284-E5C505AA743D}.Release|Any CPU.Build.0 = Release|Any CPU
		{EA421525-154E-F90F-FA9A-09A23E2EC134}.Debug|Any CPU.ActiveCfg = Debug|Any CPU
		{EA421525-154E-F90F-FA9A-09A23E2EC134}.Debug|Any CPU.Build.0 = Debug|Any CPU
		{EA421525-154E-F90F-FA9A-09A23E2EC134}.Release|Any CPU.ActiveCfg = Release|Any CPU
		{EA421525-154E-F90F-FA9A-09A23E2EC134}.Release|Any CPU.Build.0 = Release|Any CPU
		{546139D8-A30F-67D8-D8D8-14C55CB76CB8}.Debug|Any CPU.ActiveCfg = Debug|Any CPU
		{546139D8-A30F-67D8-D8D8-14C55CB76CB8}.Debug|Any CPU.Build.0 = Debug|Any CPU
		{546139D8-A30F-67D8-D8D8-14C55CB76CB8}.Release|Any CPU.ActiveCfg = Release|Any CPU
		{546139D8-A30F-67D8-D8D8-14C55CB76CB8}.Release|Any CPU.Build.0 = Release|Any CPU
		{8353D931-5AE8-4AE6-9C66-5C8486AE712A}.Debug|Any CPU.ActiveCfg = Debug|Any CPU
		{8353D931-5AE8-4AE6-9C66-5C8486AE712A}.Debug|Any CPU.Build.0 = Debug|Any CPU
		{8353D931-5AE8-4AE6-9C66-5C8486AE712A}.Release|Any CPU.ActiveCfg = Release|Any CPU
		{8353D931-5AE8-4AE6-9C66-5C8486AE712A}.Release|Any CPU.Build.0 = Release|Any CPU
		{AECE4B6D-FEE8-4805-B24E-141D803548A0}.Debug|Any CPU.ActiveCfg = Debug|Any CPU
		{AECE4B6D-FEE8-4805-B24E-141D803548A0}.Debug|Any CPU.Build.0 = Debug|Any CPU
		{AECE4B6D-FEE8-4805-B24E-141D803548A0}.Release|Any CPU.ActiveCfg = Release|Any CPU
		{AECE4B6D-FEE8-4805-B24E-141D803548A0}.Release|Any CPU.Build.0 = Release|Any CPU
	EndGlobalSection
	GlobalSection(SolutionProperties) = preSolution
		HideSolutionNode = FALSE
	EndGlobalSection
	GlobalSection(NestedProjects) = preSolution
		{B53D03D4-E6A4-423E-9657-4DA7CDFA2FE7} = {02EA681E-C7D8-13C7-8484-4AC65E1B71E8}
		{EBF64E59-EEFA-4392-A900-2713C47BEEA4} = {02EA681E-C7D8-13C7-8484-4AC65E1B71E8}
		{4C665D5B-81B4-4698-B284-E5C505AA743D} = {8623CC82-EE02-4964-8C14-07C3F2BECBB9}
		{EA421525-154E-F90F-FA9A-09A23E2EC134} = {8623CC82-EE02-4964-8C14-07C3F2BECBB9}
		{546139D8-A30F-67D8-D8D8-14C55CB76CB8} = {02EA681E-C7D8-13C7-8484-4AC65E1B71E8}
	EndGlobalSection
	GlobalSection(ExtensibilityGlobals) = postSolution
		SolutionGuid = {1CB1F179-0305-4D17-B734-AFADABC7B9BC}
	EndGlobalSection
EndGlobal
