
Microsoft Visual Studio Solution File, Format Version 12.00
# Visual Studio Version 17
VisualStudioVersion = 17.9.34607.119
MinimumVisualStudioVersion = 10.0.40219.1
Project("{9A19103F-16F7-4668-BE54-9A1E7A4F7556}") = "SharpMp4", "SharpMp4\SharpMp4.csproj", "{ABC90AF4-800B-4521-AB27-DC7BD6927B7D}"
EndProject
Project("{9A19103F-16F7-4668-BE54-9A1E7A4F7556}") = "FragmentedMp4Recorder", "FragmentedMp4Recorder\FragmentedMp4Recorder.csproj", "{0F003378-7375-4034-8CEF-515D54AC8911}"
EndProject
Project("{FAE04EC0-301F-11D3-BF4B-00C04F79EFBC}") = "SharpMp4.Tests", "SharpMp4.Tests\SharpMp4.Tests.csproj", "{A78C1918-57E8-4534-9C2F-8D55125B3669}"
EndProject
Global
	GlobalSection(SolutionConfigurationPlatforms) = preSolution
		Debug|Any CPU = Debug|Any CPU
		Release|Any CPU = Release|Any CPU
	EndGlobalSection
	GlobalSection(ProjectConfigurationPlatforms) = postSolution
		{ABC90AF4-800B-4521-AB27-DC7BD6927B7D}.Debug|Any CPU.ActiveCfg = Debug|Any CPU
		{ABC90AF4-800B-4521-AB27-DC7BD6927B7D}.Debug|Any CPU.Build.0 = Debug|Any CPU
		{ABC90AF4-800B-4521-AB27-DC7BD6927B7D}.Release|Any CPU.ActiveCfg = Release|Any CPU
		{ABC90AF4-800B-4521-AB27-DC7BD6927B7D}.Release|Any CPU.Build.0 = Release|Any CPU
		{0F003378-7375-4034-8CEF-515D54AC8911}.Debug|Any CPU.ActiveCfg = Debug|Any CPU
		{0F003378-7375-4034-8CEF-515D54AC8911}.Debug|Any CPU.Build.0 = Debug|Any CPU
		{0F003378-7375-4034-8CEF-515D54AC8911}.Release|Any CPU.ActiveCfg = Release|Any CPU
		{0F003378-7375-4034-8CEF-515D54AC8911}.Release|Any CPU.Build.0 = Release|Any CPU
		{A78C1918-57E8-4534-9C2F-8D55125B3669}.Debug|Any CPU.ActiveCfg = Debug|Any CPU
		{A78C1918-57E8-4534-9C2F-8D55125B3669}.Debug|Any CPU.Build.0 = Debug|Any CPU
		{A78C1918-57E8-4534-9C2F-8D55125B3669}.Release|Any CPU.ActiveCfg = Release|Any CPU
		{A78C1918-57E8-4534-9C2F-8D55125B3669}.Release|Any CPU.Build.0 = Release|Any CPU
	EndGlobalSection
	GlobalSection(SolutionProperties) = preSolution
		HideSolutionNode = FALSE
	EndGlobalSection
	GlobalSection(ExtensibilityGlobals) = postSolution
		SolutionGuid = {17A22E31-B643-48F2-B905-34B3C3ABAF66}
	EndGlobalSection
EndGlobal
