
Microsoft Visual Studio Solution File, Format Version 12.00
# Visual Studio Version 17
VisualStudioVersion = 17.9.34607.119
MinimumVisualStudioVersion = 10.0.40219.1
Project("{9A19103F-16F7-4668-BE54-9A1E7A4F7556}") = "BoxGenerator", "BoxGenerator\BoxGenerator.csproj", "{B53D03D4-E6A4-423E-9657-4DA7CDFA2FE7}"
EndProject
Project("{FAE04EC0-301F-11D3-BF4B-00C04F79EFBC}") = "ItuGenerator", "ItuGenerator\ItuGenerator.csproj", "{EBF64E59-EEFA-4392-A900-2713C47BEEA4}"
EndProject
Project("{FAE04EC0-301F-11D3-BF4B-00C04F79EFBC}") = "SharpH264", "SharpH264\SharpH264.csproj", "{079D2E5A-D78B-479B-8D6C-D6B29AD002F0}"
EndProject
Project("{2150E333-8FDC-42A3-9474-1A3956D46DE8}") = "Generators", "Generators", "{02EA681E-C7D8-13C7-8484-4AC65E1B71E8}"
EndProject
Project("{2150E333-8FDC-42A3-9474-1A3956D46DE8}") = "Samples", "Samples", "{8623CC82-EE02-4964-8C14-07C3F2BECBB9}"
EndProject
Project("{FAE04EC0-301F-11D3-BF4B-00C04F79EFBC}") = "SampleMP4Parser", "SampleMP4Parser\SampleMP4Parser.csproj", "{EA421525-154E-F90F-FA9A-09A23E2EC134}"
EndProject
Project("{FAE04EC0-301F-11D3-BF4B-00C04F79EFBC}") = "SharpH265", "SharpH265\SharpH265.csproj", "{8353D931-5AE8-4AE6-9C66-5C8486AE712A}"
EndProject
Project("{FAE04EC0-301F-11D3-BF4B-00C04F79EFBC}") = "SharpH26X", "SharpH26X\SharpH26X.csproj", "{AECE4B6D-FEE8-4805-B24E-141D803548A0}"
EndProject
Project("{FAE04EC0-301F-11D3-BF4B-00C04F79EFBC}") = "SampleVideoParser", "SampleVideoParser\SampleVideoParser.csproj", "{63A4732E-D21E-2650-128B-F3764EFDB0B4}"
EndProject
Project("{FAE04EC0-301F-11D3-BF4B-00C04F79EFBC}") = "SharpH266", "SharpH266\SharpH266.csproj", "{1F27078F-1ABF-493D-95D5-7E02AF214186}"
EndProject
Project("{FAE04EC0-301F-11D3-BF4B-00C04F79EFBC}") = "ItuGeneratorHost", "ItuGeneratorHost\ItuGeneratorHost.csproj", "{F0FE72F8-09E9-4F9A-9997-2899A7664515}"
EndProject
Project("{FAE04EC0-301F-11D3-BF4B-00C04F79EFBC}") = "BoxGeneratorHost", "BoxGeneratorHost\BoxGeneratorHost.csproj", "{123DE15B-FA2B-4D79-8F07-C709B21ADEC9}"
EndProject
Project("{FAE04EC0-301F-11D3-BF4B-00C04F79EFBC}") = "SharpISOBMFF", "SharpISOBMFF\SharpISOBMFF.csproj", "{81237F37-EC70-0D0D-F7AA-2ABEF6402A7B}"
EndProject
Project("{FAE04EC0-301F-11D3-BF4B-00C04F79EFBC}") = "SharpMP4", "SharpMP4\SharpMP4.csproj", "{4DAF4CE1-194B-4739-8A72-71492790FF44}"
EndProject
Project("{FAE04EC0-301F-11D3-BF4B-00C04F79EFBC}") = "FragmentedMp4Recorder", "FragmentedMp4Recorder\FragmentedMp4Recorder.csproj", "{FFB59054-36B8-4475-8D41-CA940BB66DE3}"
EndProject
Project("{FAE04EC0-301F-11D3-BF4B-00C04F79EFBC}") = "Mp4Recorder", "Mp4Recorder\Mp4Recorder.csproj", "{95FC6ED0-272D-48E0-84C6-18BE7E7E00D7}"
EndProject
Project("{FAE04EC0-301F-11D3-BF4B-00C04F79EFBC}") = "SharpAV1", "SharpAV1\SharpAV1.csproj", "{7D9CE9AF-3267-47EB-82BD-8DE9DD6EF8BF}"
EndProject
Project("{FAE04EC0-301F-11D3-BF4B-00C04F79EFBC}") = "AomGenerator", "AomGenerator\AomGenerator.csproj", "{CA40D7C3-FCD9-4FCA-BD3E-347308F804C6}"
EndProject
Project("{FAE04EC0-301F-11D3-BF4B-00C04F79EFBC}") = "AomGeneratorHost", "AomGeneratorHost\AomGeneratorHost.csproj", "{2DC08283-2323-45C3-942C-44E1D9E54853}"
EndProject
Project("{FAE04EC0-301F-11D3-BF4B-00C04F79EFBC}") = "MoveMdat", "MoveMdat\MoveMdat.csproj", "{9072AE0B-749F-4F7D-9282-5264383D7E09}"
EndProject
Project("{2150E333-8FDC-42A3-9474-1A3956D46DE8}") = "Solution Items", "Solution Items", "{8EC462FD-D22E-90A8-E5CE-7E832BA40C5D}"
	ProjectSection(SolutionItems) = preProject
		..\Boxes.md = ..\Boxes.md
		Directory.Build.props = Directory.Build.props
	EndProjectSection
EndProject
Global
	GlobalSection(SolutionConfigurationPlatforms) = preSolution
		Debug|Any CPU = Debug|Any CPU
		Release|Any CPU = Release|Any CPU
	EndGlobalSection
	GlobalSection(ProjectConfigurationPlatforms) = postSolution
		{B53D03D4-E6A4-423E-9657-4DA7CDFA2FE7}.Debug|Any CPU.ActiveCfg = Debug|Any CPU
		{B53D03D4-E6A4-423E-9657-4DA7CDFA2FE7}.Debug|Any CPU.Build.0 = Debug|Any CPU
		{B53D03D4-E6A4-423E-9657-4DA7CDFA2FE7}.Release|Any CPU.ActiveCfg = Release|Any CPU
		{B53D03D4-E6A4-423E-9657-4DA7CDFA2FE7}.Release|Any CPU.Build.0 = Release|Any CPU
		{EBF64E59-EEFA-4392-A900-2713C47BEEA4}.Debug|Any CPU.ActiveCfg = Debug|Any CPU
		{EBF64E59-EEFA-4392-A900-2713C47BEEA4}.Debug|Any CPU.Build.0 = Debug|Any CPU
		{EBF64E59-EEFA-4392-A900-2713C47BEEA4}.Release|Any CPU.ActiveCfg = Release|Any CPU
		{EBF64E59-EEFA-4392-A900-2713C47BEEA4}.Release|Any CPU.Build.0 = Release|Any CPU
		{079D2E5A-D78B-479B-8D6C-D6B29AD002F0}.Debug|Any CPU.ActiveCfg = Debug|Any CPU
		{079D2E5A-D78B-479B-8D6C-D6B29AD002F0}.Debug|Any CPU.Build.0 = Debug|Any CPU
		{079D2E5A-D78B-479B-8D6C-D6B29AD002F0}.Release|Any CPU.ActiveCfg = Release|Any CPU
		{079D2E5A-D78B-479B-8D6C-D6B29AD002F0}.Release|Any CPU.Build.0 = Release|Any CPU
		{EA421525-154E-F90F-FA9A-09A23E2EC134}.Debug|Any CPU.ActiveCfg = Debug|Any CPU
		{EA421525-154E-F90F-FA9A-09A23E2EC134}.Debug|Any CPU.Build.0 = Debug|Any CPU
		{EA421525-154E-F90F-FA9A-09A23E2EC134}.Release|Any CPU.ActiveCfg = Release|Any CPU
		{EA421525-154E-F90F-FA9A-09A23E2EC134}.Release|Any CPU.Build.0 = Release|Any CPU
		{8353D931-5AE8-4AE6-9C66-5C8486AE712A}.Debug|Any CPU.ActiveCfg = Debug|Any CPU
		{8353D931-5AE8-4AE6-9C66-5C8486AE712A}.Debug|Any CPU.Build.0 = Debug|Any CPU
		{8353D931-5AE8-4AE6-9C66-5C8486AE712A}.Release|Any CPU.ActiveCfg = Release|Any CPU
		{8353D931-5AE8-4AE6-9C66-5C8486AE712A}.Release|Any CPU.Build.0 = Release|Any CPU
		{AECE4B6D-FEE8-4805-B24E-141D803548A0}.Debug|Any CPU.ActiveCfg = Debug|Any CPU
		{AECE4B6D-FEE8-4805-B24E-141D803548A0}.Debug|Any CPU.Build.0 = Debug|Any CPU
		{AECE4B6D-FEE8-4805-B24E-141D803548A0}.Release|Any CPU.ActiveCfg = Release|Any CPU
		{AECE4B6D-FEE8-4805-B24E-141D803548A0}.Release|Any CPU.Build.0 = Release|Any CPU
		{63A4732E-D21E-2650-128B-F3764EFDB0B4}.Debug|Any CPU.ActiveCfg = Debug|Any CPU
		{63A4732E-D21E-2650-128B-F3764EFDB0B4}.Debug|Any CPU.Build.0 = Debug|Any CPU
		{63A4732E-D21E-2650-128B-F3764EFDB0B4}.Release|Any CPU.ActiveCfg = Release|Any CPU
		{63A4732E-D21E-2650-128B-F3764EFDB0B4}.Release|Any CPU.Build.0 = Release|Any CPU
		{1F27078F-1ABF-493D-95D5-7E02AF214186}.Debug|Any CPU.ActiveCfg = Debug|Any CPU
		{1F27078F-1ABF-493D-95D5-7E02AF214186}.Debug|Any CPU.Build.0 = Debug|Any CPU
		{1F27078F-1ABF-493D-95D5-7E02AF214186}.Release|Any CPU.ActiveCfg = Release|Any CPU
		{1F27078F-1ABF-493D-95D5-7E02AF214186}.Release|Any CPU.Build.0 = Release|Any CPU
		{F0FE72F8-09E9-4F9A-9997-2899A7664515}.Debug|Any CPU.ActiveCfg = Debug|Any CPU
		{F0FE72F8-09E9-4F9A-9997-2899A7664515}.Debug|Any CPU.Build.0 = Debug|Any CPU
		{F0FE72F8-09E9-4F9A-9997-2899A7664515}.Release|Any CPU.ActiveCfg = Release|Any CPU
		{F0FE72F8-09E9-4F9A-9997-2899A7664515}.Release|Any CPU.Build.0 = Release|Any CPU
		{123DE15B-FA2B-4D79-8F07-C709B21ADEC9}.Debug|Any CPU.ActiveCfg = Debug|Any CPU
		{123DE15B-FA2B-4D79-8F07-C709B21ADEC9}.Debug|Any CPU.Build.0 = Debug|Any CPU
		{123DE15B-FA2B-4D79-8F07-C709B21ADEC9}.Release|Any CPU.ActiveCfg = Release|Any CPU
		{123DE15B-FA2B-4D79-8F07-C709B21ADEC9}.Release|Any CPU.Build.0 = Release|Any CPU
		{81237F37-EC70-0D0D-F7AA-2ABEF6402A7B}.Debug|Any CPU.ActiveCfg = Debug|Any CPU
		{81237F37-EC70-0D0D-F7AA-2ABEF6402A7B}.Debug|Any CPU.Build.0 = Debug|Any CPU
		{81237F37-EC70-0D0D-F7AA-2ABEF6402A7B}.Release|Any CPU.ActiveCfg = Release|Any CPU
		{81237F37-EC70-0D0D-F7AA-2ABEF6402A7B}.Release|Any CPU.Build.0 = Release|Any CPU
		{4DAF4CE1-194B-4739-8A72-71492790FF44}.Debug|Any CPU.ActiveCfg = Debug|Any CPU
		{4DAF4CE1-194B-4739-8A72-71492790FF44}.Debug|Any CPU.Build.0 = Debug|Any CPU
		{4DAF4CE1-194B-4739-8A72-71492790FF44}.Release|Any CPU.ActiveCfg = Release|Any CPU
		{4DAF4CE1-194B-4739-8A72-71492790FF44}.Release|Any CPU.Build.0 = Release|Any CPU
		{FFB59054-36B8-4475-8D41-CA940BB66DE3}.Debug|Any CPU.ActiveCfg = Debug|Any CPU
		{FFB59054-36B8-4475-8D41-CA940BB66DE3}.Debug|Any CPU.Build.0 = Debug|Any CPU
		{FFB59054-36B8-4475-8D41-CA940BB66DE3}.Release|Any CPU.ActiveCfg = Release|Any CPU
		{FFB59054-36B8-4475-8D41-CA940BB66DE3}.Release|Any CPU.Build.0 = Release|Any CPU
		{95FC6ED0-272D-48E0-84C6-18BE7E7E00D7}.Debug|Any CPU.ActiveCfg = Debug|Any CPU
		{95FC6ED0-272D-48E0-84C6-18BE7E7E00D7}.Debug|Any CPU.Build.0 = Debug|Any CPU
		{95FC6ED0-272D-48E0-84C6-18BE7E7E00D7}.Release|Any CPU.ActiveCfg = Release|Any CPU
		{95FC6ED0-272D-48E0-84C6-18BE7E7E00D7}.Release|Any CPU.Build.0 = Release|Any CPU
		{7D9CE9AF-3267-47EB-82BD-8DE9DD6EF8BF}.Debug|Any CPU.ActiveCfg = Debug|Any CPU
		{7D9CE9AF-3267-47EB-82BD-8DE9DD6EF8BF}.Debug|Any CPU.Build.0 = Debug|Any CPU
		{7D9CE9AF-3267-47EB-82BD-8DE9DD6EF8BF}.Release|Any CPU.ActiveCfg = Release|Any CPU
		{7D9CE9AF-3267-47EB-82BD-8DE9DD6EF8BF}.Release|Any CPU.Build.0 = Release|Any CPU
		{CA40D7C3-FCD9-4FCA-BD3E-347308F804C6}.Debug|Any CPU.ActiveCfg = Debug|Any CPU
		{CA40D7C3-FCD9-4FCA-BD3E-347308F804C6}.Debug|Any CPU.Build.0 = Debug|Any CPU
		{CA40D7C3-FCD9-4FCA-BD3E-347308F804C6}.Release|Any CPU.ActiveCfg = Release|Any CPU
		{CA40D7C3-FCD9-4FCA-BD3E-347308F804C6}.Release|Any CPU.Build.0 = Release|Any CPU
		{2DC08283-2323-45C3-942C-44E1D9E54853}.Debug|Any CPU.ActiveCfg = Debug|Any CPU
		{2DC08283-2323-45C3-942C-44E1D9E54853}.Debug|Any CPU.Build.0 = Debug|Any CPU
		{2DC08283-2323-45C3-942C-44E1D9E54853}.Release|Any CPU.ActiveCfg = Release|Any CPU
		{2DC08283-2323-45C3-942C-44E1D9E54853}.Release|Any CPU.Build.0 = Release|Any CPU
		{9072AE0B-749F-4F7D-9282-5264383D7E09}.Debug|Any CPU.ActiveCfg = Debug|Any CPU
		{9072AE0B-749F-4F7D-9282-5264383D7E09}.Debug|Any CPU.Build.0 = Debug|Any CPU
		{9072AE0B-749F-4F7D-9282-5264383D7E09}.Release|Any CPU.ActiveCfg = Release|Any CPU
		{9072AE0B-749F-4F7D-9282-5264383D7E09}.Release|Any CPU.Build.0 = Release|Any CPU
	EndGlobalSection
	GlobalSection(SolutionProperties) = preSolution
		HideSolutionNode = FALSE
	EndGlobalSection
	GlobalSection(NestedProjects) = preSolution
		{B53D03D4-E6A4-423E-9657-4DA7CDFA2FE7} = {02EA681E-C7D8-13C7-8484-4AC65E1B71E8}
		{EBF64E59-EEFA-4392-A900-2713C47BEEA4} = {02EA681E-C7D8-13C7-8484-4AC65E1B71E8}
		{EA421525-154E-F90F-FA9A-09A23E2EC134} = {8623CC82-EE02-4964-8C14-07C3F2BECBB9}
		{63A4732E-D21E-2650-128B-F3764EFDB0B4} = {8623CC82-EE02-4964-8C14-07C3F2BECBB9}
		{F0FE72F8-09E9-4F9A-9997-2899A7664515} = {02EA681E-C7D8-13C7-8484-4AC65E1B71E8}
		{123DE15B-FA2B-4D79-8F07-C709B21ADEC9} = {02EA681E-C7D8-13C7-8484-4AC65E1B71E8}
		{FFB59054-36B8-4475-8D41-CA940BB66DE3} = {8623CC82-EE02-4964-8C14-07C3F2BECBB9}
		{95FC6ED0-272D-48E0-84C6-18BE7E7E00D7} = {8623CC82-EE02-4964-8C14-07C3F2BECBB9}
		{CA40D7C3-FCD9-4FCA-BD3E-347308F804C6} = {02EA681E-C7D8-13C7-8484-4AC65E1B71E8}
		{2DC08283-2323-45C3-942C-44E1D9E54853} = {02EA681E-C7D8-13C7-8484-4AC65E1B71E8}
		{9072AE0B-749F-4F7D-9282-5264383D7E09} = {8623CC82-EE02-4964-8C14-07C3F2BECBB9}
	EndGlobalSection
	GlobalSection(ExtensibilityGlobals) = postSolution
		SolutionGuid = {1CB1F179-0305-4D17-B734-AFADABC7B9BC}
	EndGlobalSection
EndGlobal
